// !$*UTF8*$!
{
	archiveVersion = 1;
	classes = {
	};
	objectVersion = 48;
	objects = {

/* Begin PBXBuildFile section */
		748B71431FCDBFF500FBF21F /* AppDelegate.swift in Sources */ = {isa = PBXBuildFile; fileRef = 748B71421FCDBFF500FBF21F /* AppDelegate.swift */; };
		748B71451FCDBFF500FBF21F /* ViewController.swift in Sources */ = {isa = PBXBuildFile; fileRef = 748B71441FCDBFF500FBF21F /* ViewController.swift */; };
		748B71481FCDBFF500FBF21F /* Main.storyboard in Resources */ = {isa = PBXBuildFile; fileRef = 748B71461FCDBFF500FBF21F /* Main.storyboard */; };
		748B714A1FCDBFF500FBF21F /* Assets.xcassets in Resources */ = {isa = PBXBuildFile; fileRef = 748B71491FCDBFF500FBF21F /* Assets.xcassets */; };
		748B714D1FCDBFF500FBF21F /* LaunchScreen.storyboard in Resources */ = {isa = PBXBuildFile; fileRef = 748B714B1FCDBFF500FBF21F /* LaunchScreen.storyboard */; };
/* End PBXBuildFile section */

/* Begin PBXFileReference section */
		748B713F1FCDBFF500FBF21F /* AsyncTableViewCellHeightExample.app */ = {isa = PBXFileReference; explicitFileType = wrapper.application; includeInIndex = 0; path = AsyncTableViewCellHeightExample.app; sourceTree = BUILT_PRODUCTS_DIR; };
		748B71421FCDBFF500FBF21F /* AppDelegate.swift */ = {isa = PBXFileReference; lastKnownFileType = sourcecode.swift; path = AppDelegate.swift; sourceTree = "<group>"; };
		748B71441FCDBFF500FBF21F /* ViewController.swift */ = {isa = PBXFileReference; lastKnownFileType = sourcecode.swift; path = ViewController.swift; sourceTree = "<group>"; };
		748B71471FCDBFF500FBF21F /* Base */ = {isa = PBXFileReference; lastKnownFileType = file.storyboard; name = Base; path = Base.lproj/Main.storyboard; sourceTree = "<group>"; };
		748B71491FCDBFF500FBF21F /* Assets.xcassets */ = {isa = PBXFileReference; lastKnownFileType = folder.assetcatalog; path = Assets.xcassets; sourceTree = "<group>"; };
		748B714C1FCDBFF500FBF21F /* Base */ = {isa = PBXFileReference; lastKnownFileType = file.storyboard; name = Base; path = Base.lproj/LaunchScreen.storyboard; sourceTree = "<group>"; };
		748B714E1FCDBFF500FBF21F /* Info.plist */ = {isa = PBXFileReference; lastKnownFileType = text.plist.xml; path = Info.plist; sourceTree = "<group>"; };
/* End PBXFileReference section */

/* Begin PBXFrameworksBuildPhase section */
		748B713C1FCDBFF500FBF21F /* Frameworks */ = {
			isa = PBXFrameworksBuildPhase;
			buildActionMask = 2147483647;
			files = (
			);
			runOnlyForDeploymentPostprocessing = 0;
		};
/* End PBXFrameworksBuildPhase section */

/* Begin PBXGroup section */
		748B71361FCDBFF500FBF21F = {
			isa = PBXGroup;
			children = (
				748B71411FCDBFF500FBF21F /* AsyncTableViewCellHeightExample */,
				748B71401FCDBFF500FBF21F /* Products */,
			);
			sourceTree = "<group>";
		};
		748B71401FCDBFF500FBF21F /* Products */ = {
			isa = PBXGroup;
			children = (
				748B713F1FCDBFF500FBF21F /* AsyncTableViewCellHeightExample.app */,
			);
			name = Products;
			sourceTree = "<group>";
		};
		748B71411FCDBFF500FBF21F /* AsyncTableViewCellHeightExample */ = {
			isa = PBXGroup;
			children = (
				748B71421FCDBFF500FBF21F /* AppDelegate.swift */,
				748B71441FCDBFF500FBF21F /* ViewController.swift */,
				748B71461FCDBFF500FBF21F /* Main.storyboard */,
				748B71491FCDBFF500FBF21F /* Assets.xcassets */,
				748B714B1FCDBFF500FBF21F /* LaunchScreen.storyboard */,
				748B714E1FCDBFF500FBF21F /* Info.plist */,
			);
			path = AsyncTableViewCellHeightExample;
			sourceTree = "<group>";
		};
/* End PBXGroup section */

/* Begin PBXNativeTarget section */
		748B713E1FCDBFF500FBF21F /* AsyncTableViewCellHeightExample */ = {
			isa = PBXNativeTarget;
			buildConfigurationList = 748B71511FCDBFF500FBF21F /* Build configuration list for PBXNativeTarget "AsyncTableViewCellHeightExample" */;
			buildPhases = (
				748B713B1FCDBFF500FBF21F /* Sources */,
				748B713C1FCDBFF500FBF21F /* Frameworks */,
				748B713D1FCDBFF500FBF21F /* Resources */,
			);
			buildRules = (
			);
			dependencies = (
			);
			name = AsyncTableViewCellHeightExample;
			productName = AsyncTableViewCellHeightExample;
			productReference = 748B713F1FCDBFF500FBF21F /* AsyncTableViewCellHeightExample.app */;
			productType = "com.apple.product-type.application";
		};
/* End PBXNativeTarget section */

/* Begin PBXProject section */
		748B71371FCDBFF500FBF21F /* Project object */ = {
			isa = PBXProject;
			attributes = {
				LastSwiftUpdateCheck = 0900;
				LastUpgradeCheck = 0900;
				ORGANIZATIONNAME = "Minh Luan Tran";
				TargetAttributes = {
					748B713E1FCDBFF500FBF21F = {
						CreatedOnToolsVersion = 9.0;
						ProvisioningStyle = Automatic;
					};
				};
			};
			buildConfigurationList = 748B713A1FCDBFF500FBF21F /* Build configuration list for PBXProject "AsyncTableViewCellHeightExample" */;
			compatibilityVersion = "Xcode 8.0";
			developmentRegion = en;
			hasScannedForEncodings = 0;
			knownRegions = (
				en,
				Base,
			);
			mainGroup = 748B71361FCDBFF500FBF21F;
			productRefGroup = 748B71401FCDBFF500FBF21F /* Products */;
			projectDirPath = "";
			projectRoot = "";
			targets = (
				748B713E1FCDBFF500FBF21F /* AsyncTableViewCellHeightExample */,
			);
		};
/* End PBXProject section */

/* Begin PBXResourcesBuildPhase section */
		748B713D1FCDBFF500FBF21F /* Resources */ = {
			isa = PBXResourcesBuildPhase;
			buildActionMask = 2147483647;
			files = (
				748B714D1FCDBFF500FBF21F /* LaunchScreen.storyboard in Resources */,
				748B714A1FCDBFF500FBF21F /* Assets.xcassets in Resources */,
				748B71481FCDBFF500FBF21F /* Main.storyboard in Resources */,
			);
			runOnlyForDeploymentPostprocessing = 0;
		};
/* End PBXResourcesBuildPhase section */

/* Begin PBXSourcesBuildPhase section */
		748B713B1FCDBFF500FBF21F /* Sources */ = {
			isa = PBXSourcesBuildPhase;
			buildActionMask = 2147483647;
			files = (
				748B71451FCDBFF500FBF21F /* ViewController.swift in Sources */,
				748B71431FCDBFF500FBF21F /* AppDelegate.swift in Sources */,
			);
			runOnlyForDeploymentPostprocessing = 0;
		};
/* End PBXSourcesBuildPhase section */

/* Begin PBXVariantGroup section */
		748B71461FCDBFF500FBF21F /* Main.storyboard */ = {
			isa = PBXVariantGroup;
			children = (
				748B71471FCDBFF500FBF21F /* Base */,
			);
			name = Main.storyboard;
			sourceTree = "<group>";
		};
		748B714B1FCDBFF500FBF21F /* LaunchScreen.storyboard */ = {
			isa = PBXVariantGroup;
			children = (
				748B714C1FCDBFF500FBF21F /* Base */,
			);
			name = LaunchScreen.storyboard;
			sourceTree = "<group>";
		};
/* End PBXVariantGroup section */

/* Begin XCBuildConfiguration section */
		748B714F1FCDBFF500FBF21F /* Debug */ = {
			isa = XCBuildConfiguration;
			buildSettings = {
				ALWAYS_SEARCH_USER_PATHS = NO;
				CLANG_ANALYZER_NONNULL = YES;
				CLANG_ANALYZER_NUMBER_OBJECT_CONVERSION = YES_AGGRESSIVE;
				CLANG_CXX_LANGUAGE_STANDARD = "gnu++14";
				CLANG_CXX_LIBRARY = "libc++";
				CLANG_ENABLE_MODULES = YES;
				CLANG_ENABLE_OBJC_ARC = YES;
				CLANG_WARN_BLOCK_CAPTURE_AUTORELEASING = YES;
				CLANG_WARN_BOOL_CONVERSION = YES;
				CLANG_WARN_COMMA = YES;
				CLANG_WARN_CONSTANT_CONVERSION = YES;
				CLANG_WARN_DIRECT_OBJC_ISA_USAGE = YES_ERROR;
				CLANG_WARN_DOCUMENTATION_COMMENTS = YES;
				CLANG_WARN_EMPTY_BODY = YES;
				CLANG_WARN_ENUM_CONVERSION = YES;
				CLANG_WARN_INFINITE_RECURSION = YES;
				CLANG_WARN_INT_CONVERSION = YES;
				CLANG_WARN_NON_LITERAL_NULL_CONVERSION = YES;
				CLANG_WARN_OBJC_LITERAL_CONVERSION = YES;
				CLANG_WARN_OBJC_ROOT_CLASS = YES_ERROR;
				CLANG_WARN_RANGE_LOOP_ANALYSIS = YES;
				CLANG_WARN_STRICT_PROTOTYPES = YES;
				CLANG_WARN_SUSPICIOUS_MOVE = YES;
				CLANG_WARN_UNGUARDED_AVAILABILITY = YES_AGGRESSIVE;
				CLANG_WARN_UNREACHABLE_CODE = YES;
				CLANG_WARN__DUPLICATE_METHOD_MATCH = YES;
				CODE_SIGN_IDENTITY = "iPhone Developer";
				COPY_PHASE_STRIP = NO;
				DEBUG_INFORMATION_FORMAT = dwarf;
				ENABLE_STRICT_OBJC_MSGSEND = YES;
				ENABLE_TESTABILITY = YES;
				GCC_C_LANGUAGE_STANDARD = gnu11;
				GCC_DYNAMIC_NO_PIC = NO;
				GCC_NO_COMMON_BLOCKS = YES;
				GCC_OPTIMIZATION_LEVEL = 0;
				GCC_PREPROCESSOR_DEFINITIONS = (
					"DEBUG=1",
					"$(inherited)",
				);
				GCC_WARN_64_TO_32_BIT_CONVERSION = YES;
				GCC_WARN_ABOUT_RETURN_TYPE = YES_ERROR;
				GCC_WARN_UNDECLARED_SELECTOR = YES;
				GCC_WARN_UNINITIALIZED_AUTOS = YES_AGGRESSIVE;
				GCC_WARN_UNUSED_FUNCTION = YES;
				GCC_WARN_UNUSED_VARIABLE = YES;
				IPHONEOS_DEPLOYMENT_TARGET = 11.0;
				MTL_ENABLE_DEBUG_INFO = YES;
				ONLY_ACTIVE_ARCH = YES;
				SDKROOT = iphoneos;
				SWIFT_ACTIVE_COMPILATION_CONDITIONS = DEBUG;
				SWIFT_OPTIMIZATION_LEVEL = "-Onone";
			};
			name = Debug;
		};
		748B71501FCDBFF500FBF21F /* Release */ = {
			isa = XCBuildConfiguration;
			buildSettings = {
				ALWAYS_SEARCH_USER_PATHS = NO;
				CLANG_ANALYZER_NONNULL = YES;
				CLANG_ANALYZER_NUMBER_OBJECT_CONVERSION = YES_AGGRESSIVE;
				CLANG_CXX_LANGUAGE_STANDARD = "gnu++14";
				CLANG_CXX_LIBRARY = "libc++";
				CLANG_ENABLE_MODULES = YES;
				CLANG_ENABLE_OBJC_ARC = YES;
				CLANG_WARN_BLOCK_CAPTURE_AUTORELEASING = YES;
				CLANG_WARN_BOOL_CONVERSION = YES;
				CLANG_WARN_COMMA = YES;
				CLANG_WARN_CONSTANT_CONVERSION = YES;
				CLANG_WARN_DIRECT_OBJC_ISA_USAGE = YES_ERROR;
				CLANG_WARN_DOCUMENTATION_COMMENTS = YES;
				CLANG_WARN_EMPTY_BODY = YES;
				CLANG_WARN_ENUM_CONVERSION = YES;
				CLANG_WARN_INFINITE_RECURSION = YES;
				CLANG_WARN_INT_CONVERSION = YES;
				CLANG_WARN_NON_LITERAL_NULL_CONVERSION = YES;
				CLANG_WARN_OBJC_LITERAL_CONVERSION = YES;
				CLANG_WARN_OBJC_ROOT_CLASS = YES_ERROR;
				CLANG_WARN_RANGE_LOOP_ANALYSIS = YES;
				CLANG_WARN_STRICT_PROTOTYPES = YES;
				CLANG_WARN_SUSPICIOUS_MOVE = YES;
				CLANG_WARN_UNGUARDED_AVAILABILITY = YES_AGGRESSIVE;
				CLANG_WARN_UNREACHABLE_CODE = YES;
				CLANG_WARN__DUPLICATE_METHOD_MATCH = YES;
				CODE_SIGN_IDENTITY = "iPhone Developer";
				COPY_PHASE_STRIP = NO;
				DEBUG_INFORMATION_FORMAT = "dwarf-with-dsym";
				ENABLE_NS_ASSERTIONS = NO;
				ENABLE_STRICT_OBJC_MSGSEND = YES;
				GCC_C_LANGUAGE_STANDARD = gnu11;
				GCC_NO_COMMON_BLOCKS = YES;
				GCC_WARN_64_TO_32_BIT_CONVERSION = YES;
				GCC_WARN_ABOUT_RETURN_TYPE = YES_ERROR;
				GCC_WARN_UNDECLARED_SELECTOR = YES;
				GCC_WARN_UNINITIALIZED_AUTOS = YES_AGGRESSIVE;
				GCC_WARN_UNUSED_FUNCTION = YES;
				GCC_WARN_UNUSED_VARIABLE = YES;
				IPHONEOS_DEPLOYMENT_TARGET = 11.0;
				MTL_ENABLE_DEBUG_INFO = NO;
				SDKROOT = iphoneos;
				SWIFT_OPTIMIZATION_LEVEL = "-Owholemodule";
				VALIDATE_PRODUCT = YES;
			};
			name = Release;
		};
		748B71521FCDBFF500FBF21F /* Debug */ = {
			isa = XCBuildConfiguration;
			buildSettings = {
				ASSETCATALOG_COMPILER_APPICON_NAME = AppIcon;
				CODE_SIGN_STYLE = Automatic;
				DEVELOPMENT_TEAM = TMH6L6FX6W;
				INFOPLIST_FILE = AsyncTableViewCellHeightExample/Info.plist;
				LD_RUNPATH_SEARCH_PATHS = "$(inherited) @executable_path/Frameworks";
				PRODUCT_BUNDLE_IDENTIFIER = com.luantran.AsyncTableViewCellHeightExample;
				PRODUCT_NAME = "$(TARGET_NAME)";
				SWIFT_VERSION = 4.0;
				TARGETED_DEVICE_FAMILY = "1,2";
			};
			name = Debug;
		};
		748B71531FCDBFF500FBF21F /* Release */ = {
			isa = XCBuildConfiguration;
			buildSettings = {
				ASSETCATALOG_COMPILER_APPICON_NAME = AppIcon;
				CODE_SIGN_STYLE = Automatic;
				DEVELOPMENT_TEAM = TMH6L6FX6W;
				INFOPLIST_FILE = AsyncTableViewCellHeightExample/Info.plist;
				LD_RUNPATH_SEARCH_PATHS = "$(inherited) @executable_path/Frameworks";
				PRODUCT_BUNDLE_IDENTIFIER = com.luantran.AsyncTableViewCellHeightExample;
				PRODUCT_NAME = "$(TARGET_NAME)";
				SWIFT_VERSION = 4.0;
				TARGETED_DEVICE_FAMILY = "1,2";
			};
			name = Release;
		};
/* End XCBuildConfiguration section */

/* Begin XCConfigurationList section */
		748B713A1FCDBFF500FBF21F /* Build configuration list for PBXProject "AsyncTableViewCellHeightExample" */ = {
			isa = XCConfigurationList;
			buildConfigurations = (
				748B714F1FCDBFF500FBF21F /* Debug */,
				748B71501FCDBFF500FBF21F /* Release */,
			);
			defaultConfigurationIsVisible = 0;
			defaultConfigurationName = Release;
		};
		748B71511FCDBFF500FBF21F /* Build configuration list for PBXNativeTarget "AsyncTableViewCellHeightExample" */ = {
			isa = XCConfigurationList;
			buildConfigurations = (
				748B71521FCDBFF500FBF21F /* Debug */,
				748B71531FCDBFF500FBF21F /* Release */,
			);
			defaultConfigurationIsVisible = 0;
			defaultConfigurationName = Release;
		};
/* End XCConfigurationList section */
	};
	rootObject = 748B71371FCDBFF500FBF21F /* Project object */;
}
