// !$*UTF8*$!
{
	archiveVersion = 1;
	classes = {
	};
	objectVersion = 46;
	objects = {

/* Begin PBXBuildFile section */
		0F2249971D16C3EF0090F812 /* ListDetailViewController.swift in Sources */ = {isa = PBXBuildFile; fileRef = 0F2249961D16C3EF0090F812 /* ListDetailViewController.swift */; };
		0F36E2A81D18DE8900A05195 /* IconPickerViewController.swift in Sources */ = {isa = PBXBuildFile; fileRef = 0F36E2A71D18DE8900A05195 /* IconPickerViewController.swift */; };
		0F7079E11D17E610004FCEA9 /* DataModel.swift in Sources */ = {isa = PBXBuildFile; fileRef = 0F7079E01D17E610004FCEA9 /* DataModel.swift */; };
		0FB7F8311D0BCD0E009DB29B /* AppDelegate.swift in Sources */ = {isa = PBXBuildFile; fileRef = 0FB7F8301D0BCD0E009DB29B /* AppDelegate.swift */; };
		0FB7F8331D0BCD0E009DB29B /* ChecklistViewController.swift in Sources */ = {isa = PBXBuildFile; fileRef = 0FB7F8321D0BCD0E009DB29B /* ChecklistViewController.swift */; };
		0FB7F8361D0BCD0E009DB29B /* Main.storyboard in Resources */ = {isa = PBXBuildFile; fileRef = 0FB7F8341D0BCD0E009DB29B /* Main.storyboard */; };
		0FB7F8381D0BCD0E009DB29B /* Assets.xcassets in Resources */ = {isa = PBXBuildFile; fileRef = 0FB7F8371D0BCD0E009DB29B /* Assets.xcassets */; };
		0FD7EA131D12A79200486970 /* ItemDetailViewController.swift in Sources */ = {isa = PBXBuildFile; fileRef = 0FD7EA121D12A79200486970 /* ItemDetailViewController.swift */; };
		0FE0EB761D11123C00539C09 /* ChecklistItem.swift in Sources */ = {isa = PBXBuildFile; fileRef = 0FE0EB751D11123C00539C09 /* ChecklistItem.swift */; };
		0FE48DA81D1681DC0098A93C /* AllListsViewController.swift in Sources */ = {isa = PBXBuildFile; fileRef = 0FE48DA71D1681DC0098A93C /* AllListsViewController.swift */; };
		0FE48DAA1D1690EE0098A93C /* Checklist.swift in Sources */ = {isa = PBXBuildFile; fileRef = 0FE48DA91D1690EE0098A93C /* Checklist.swift */; };
/* End PBXBuildFile section */

/* Begin PBXFileReference section */
		0F2249961D16C3EF0090F812 /* ListDetailViewController.swift */ = {isa = PBXFileReference; fileEncoding = 4; lastKnownFileType = sourcecode.swift; path = ListDetailViewController.swift; sourceTree = "<group>"; };
		0F36E2A71D18DE8900A05195 /* IconPickerViewController.swift */ = {isa = PBXFileReference; fileEncoding = 4; lastKnownFileType = sourcecode.swift; path = IconPickerViewController.swift; sourceTree = "<group>"; };
		0F7079E01D17E610004FCEA9 /* DataModel.swift */ = {isa = PBXFileReference; fileEncoding = 4; lastKnownFileType = sourcecode.swift; path = DataModel.swift; sourceTree = "<group>"; };
		0FB7F82D1D0BCD0E009DB29B /* Tut2CheckList.app */ = {isa = PBXFileReference; explicitFileType = wrapper.application; includeInIndex = 0; path = Tut2CheckList.app; sourceTree = BUILT_PRODUCTS_DIR; };
		0FB7F8301D0BCD0E009DB29B /* AppDelegate.swift */ = {isa = PBXFileReference; lastKnownFileType = sourcecode.swift; path = AppDelegate.swift; sourceTree = "<group>"; };
		0FB7F8321D0BCD0E009DB29B /* ChecklistViewController.swift */ = {isa = PBXFileReference; lastKnownFileType = sourcecode.swift; path = ChecklistViewController.swift; sourceTree = "<group>"; };
		0FB7F8351D0BCD0E009DB29B /* Base */ = {isa = PBXFileReference; lastKnownFileType = file.storyboard; name = Base; path = Base.lproj/Main.storyboard; sourceTree = "<group>"; };
		0FB7F8371D0BCD0E009DB29B /* Assets.xcassets */ = {isa = PBXFileReference; lastKnownFileType = folder.assetcatalog; path = Assets.xcassets; sourceTree = "<group>"; };
		0FB7F83C1D0BCD0E009DB29B /* Info.plist */ = {isa = PBXFileReference; lastKnownFileType = text.plist.xml; path = Info.plist; sourceTree = "<group>"; };
		0FD7EA121D12A79200486970 /* ItemDetailViewController.swift */ = {isa = PBXFileReference; fileEncoding = 4; lastKnownFileType = sourcecode.swift; path = ItemDetailViewController.swift; sourceTree = "<group>"; };
		0FE0EB751D11123C00539C09 /* ChecklistItem.swift */ = {isa = PBXFileReference; fileEncoding = 4; lastKnownFileType = sourcecode.swift; path = ChecklistItem.swift; sourceTree = "<group>"; };
		0FE48DA71D1681DC0098A93C /* AllListsViewController.swift */ = {isa = PBXFileReference; fileEncoding = 4; lastKnownFileType = sourcecode.swift; path = AllListsViewController.swift; sourceTree = "<group>"; };
		0FE48DA91D1690EE0098A93C /* Checklist.swift */ = {isa = PBXFileReference; fileEncoding = 4; lastKnownFileType = sourcecode.swift; path = Checklist.swift; sourceTree = "<group>"; };
/* End PBXFileReference section */

/* Begin PBXFrameworksBuildPhase section */
		0FB7F82A1D0BCD0E009DB29B /* Frameworks */ = {
			isa = PBXFrameworksBuildPhase;
			buildActionMask = 2147483647;
			files = (
			);
			runOnlyForDeploymentPostprocessing = 0;
		};
/* End PBXFrameworksBuildPhase section */

/* Begin PBXGroup section */
		0FB7F8241D0BCD0E009DB29B = {
			isa = PBXGroup;
			children = (
				0FB7F82F1D0BCD0E009DB29B /* Tut2CheckList */,
				0FB7F82E1D0BCD0E009DB29B /* Products */,
			);
			sourceTree = "<group>";
		};
		0FB7F82E1D0BCD0E009DB29B /* Products */ = {
			isa = PBXGroup;
			children = (
				0FB7F82D1D0BCD0E009DB29B /* Tut2CheckList.app */,
			);
			name = Products;
			sourceTree = "<group>";
		};
		0FB7F82F1D0BCD0E009DB29B /* Tut2CheckList */ = {
			isa = PBXGroup;
			children = (
				0FB7F8301D0BCD0E009DB29B /* AppDelegate.swift */,
				0FB7F8321D0BCD0E009DB29B /* ChecklistViewController.swift */,
				0FB7F8341D0BCD0E009DB29B /* Main.storyboard */,
				0FB7F8371D0BCD0E009DB29B /* Assets.xcassets */,
				0FB7F83C1D0BCD0E009DB29B /* Info.plist */,
				0FE0EB751D11123C00539C09 /* ChecklistItem.swift */,
				0FD7EA121D12A79200486970 /* ItemDetailViewController.swift */,
				0FE48DA71D1681DC0098A93C /* AllListsViewController.swift */,
				0FE48DA91D1690EE0098A93C /* Checklist.swift */,
				0F2249961D16C3EF0090F812 /* ListDetailViewController.swift */,
				0F7079E01D17E610004FCEA9 /* DataModel.swift */,
				0F36E2A71D18DE8900A05195 /* IconPickerViewController.swift */,
			);
			path = Tut2CheckList;
			sourceTree = "<group>";
		};
/* End PBXGroup section */

/* Begin PBXNativeTarget section */
		0FB7F82C1D0BCD0E009DB29B /* Tut2CheckList */ = {
			isa = PBXNativeTarget;
			buildConfigurationList = 0FB7F83F1D0BCD0E009DB29B /* Build configuration list for PBXNativeTarget "Tut2CheckList" */;
			buildPhases = (
				0FB7F8291D0BCD0E009DB29B /* Sources */,
				0FB7F82A1D0BCD0E009DB29B /* Frameworks */,
				0FB7F82B1D0BCD0E009DB29B /* Resources */,
			);
			buildRules = (
			);
			dependencies = (
			);
			name = Tut2CheckList;
			productName = Tut2CheckList;
			productReference = 0FB7F82D1D0BCD0E009DB29B /* Tut2CheckList.app */;
			productType = "com.apple.product-type.application";
		};
/* End PBXNativeTarget section */

/* Begin PBXProject section */
		0FB7F8251D0BCD0E009DB29B /* Project object */ = {
			isa = PBXProject;
			attributes = {
				LastSwiftUpdateCheck = 0730;
				LastUpgradeCheck = 0730;
				ORGANIZATIONNAME = luantran;
				TargetAttributes = {
					0FB7F82C1D0BCD0E009DB29B = {
						CreatedOnToolsVersion = 7.3.1;
					};
				};
			};
			buildConfigurationList = 0FB7F8281D0BCD0E009DB29B /* Build configuration list for PBXProject "Tut2CheckList" */;
			compatibilityVersion = "Xcode 3.2";
			developmentRegion = English;
			hasScannedForEncodings = 0;
			knownRegions = (
				en,
				Base,
			);
			mainGroup = 0FB7F8241D0BCD0E009DB29B;
			productRefGroup = 0FB7F82E1D0BCD0E009DB29B /* Products */;
			projectDirPath = "";
			projectRoot = "";
			targets = (
				0FB7F82C1D0BCD0E009DB29B /* Tut2CheckList */,
			);
		};
/* End PBXProject section */

/* Begin PBXResourcesBuildPhase section */
		0FB7F82B1D0BCD0E009DB29B /* Resources */ = {
			isa = PBXResourcesBuildPhase;
			buildActionMask = 2147483647;
			files = (
				0FB7F8381D0BCD0E009DB29B /* Assets.xcassets in Resources */,
				0FB7F8361D0BCD0E009DB29B /* Main.storyboard in Resources */,
			);
			runOnlyForDeploymentPostprocessing = 0;
		};
/* End PBXResourcesBuildPhase section */

/* Begin PBXSourcesBuildPhase section */
		0FB7F8291D0BCD0E009DB29B /* Sources */ = {
			isa = PBXSourcesBuildPhase;
			buildActionMask = 2147483647;
			files = (
				0FB7F8331D0BCD0E009DB29B /* ChecklistViewController.swift in Sources */,
				0F2249971D16C3EF0090F812 /* ListDetailViewController.swift in Sources */,
				0FD7EA131D12A79200486970 /* ItemDetailViewController.swift in Sources */,
				0F36E2A81D18DE8900A05195 /* IconPickerViewController.swift in Sources */,
				0FE48DAA1D1690EE0098A93C /* Checklist.swift in Sources */,
				0FE0EB761D11123C00539C09 /* ChecklistItem.swift in Sources */,
				0F7079E11D17E610004FCEA9 /* DataModel.swift in Sources */,
				0FE48DA81D1681DC0098A93C /* AllListsViewController.swift in Sources */,
				0FB7F8311D0BCD0E009DB29B /* AppDelegate.swift in Sources */,
			);
			runOnlyForDeploymentPostprocessing = 0;
		};
/* End PBXSourcesBuildPhase section */

/* Begin PBXVariantGroup section */
		0FB7F8341D0BCD0E009DB29B /* Main.storyboard */ = {
			isa = PBXVariantGroup;
			children = (
				0FB7F8351D0BCD0E009DB29B /* Base */,
			);
			name = Main.storyboard;
			sourceTree = "<group>";
		};
/* End PBXVariantGroup section */

/* Begin XCBuildConfiguration section */
		0FB7F83D1D0BCD0E009DB29B /* Debug */ = {
			isa = XCBuildConfiguration;
			buildSettings = {
				ALWAYS_SEARCH_USER_PATHS = NO;
				CLANG_ANALYZER_NONNULL = YES;
				CLANG_CXX_LANGUAGE_STANDARD = "gnu++0x";
				CLANG_CXX_LIBRARY = "libc++";
				CLANG_ENABLE_MODULES = YES;
				CLANG_ENABLE_OBJC_ARC = YES;
				CLANG_WARN_BOOL_CONVERSION = YES;
				CLANG_WARN_CONSTANT_CONVERSION = YES;
				CLANG_WARN_DIRECT_OBJC_ISA_USAGE = YES_ERROR;
				CLANG_WARN_EMPTY_BODY = YES;
				CLANG_WARN_ENUM_CONVERSION = YES;
				CLANG_WARN_INT_CONVERSION = YES;
				CLANG_WARN_OBJC_ROOT_CLASS = YES_ERROR;
				CLANG_WARN_UNREACHABLE_CODE = YES;
				CLANG_WARN__DUPLICATE_METHOD_MATCH = YES;
				"CODE_SIGN_IDENTITY[sdk=iphoneos*]" = "iPhone Developer";
				COPY_PHASE_STRIP = NO;
				DEBUG_INFORMATION_FORMAT = dwarf;
				ENABLE_STRICT_OBJC_MSGSEND = YES;
				ENABLE_TESTABILITY = YES;
				GCC_C_LANGUAGE_STANDARD = gnu99;
				GCC_DYNAMIC_NO_PIC = NO;
				GCC_NO_COMMON_BLOCKS = YES;
				GCC_OPTIMIZATION_LEVEL = 0;
				GCC_PREPROCESSOR_DEFINITIONS = (
					"DEBUG=1",
					"$(inherited)",
				);
				GCC_WARN_64_TO_32_BIT_CONVERSION = YES;
				GCC_WARN_ABOUT_RETURN_TYPE = YES_ERROR;
				GCC_WARN_UNDECLARED_SELECTOR = YES;
				GCC_WARN_UNINITIALIZED_AUTOS = YES_AGGRESSIVE;
				GCC_WARN_UNUSED_FUNCTION = YES;
				GCC_WARN_UNUSED_VARIABLE = YES;
				IPHONEOS_DEPLOYMENT_TARGET = 9.3;
				MTL_ENABLE_DEBUG_INFO = YES;
				ONLY_ACTIVE_ARCH = YES;
				SDKROOT = iphoneos;
				SWIFT_OPTIMIZATION_LEVEL = "-Onone";
			};
			name = Debug;
		};
		0FB7F83E1D0BCD0E009DB29B /* Release */ = {
			isa = XCBuildConfiguration;
			buildSettings = {
				ALWAYS_SEARCH_USER_PATHS = NO;
				CLANG_ANALYZER_NONNULL = YES;
				CLANG_CXX_LANGUAGE_STANDARD = "gnu++0x";
				CLANG_CXX_LIBRARY = "libc++";
				CLANG_ENABLE_MODULES = YES;
				CLANG_ENABLE_OBJC_ARC = YES;
				CLANG_WARN_BOOL_CONVERSION = YES;
				CLANG_WARN_CONSTANT_CONVERSION = YES;
				CLANG_WARN_DIRECT_OBJC_ISA_USAGE = YES_ERROR;
				CLANG_WARN_EMPTY_BODY = YES;
				CLANG_WARN_ENUM_CONVERSION = YES;
				CLANG_WARN_INT_CONVERSION = YES;
				CLANG_WARN_OBJC_ROOT_CLASS = YES_ERROR;
				CLANG_WARN_UNREACHABLE_CODE = YES;
				CLANG_WARN__DUPLICATE_METHOD_MATCH = YES;
				"CODE_SIGN_IDENTITY[sdk=iphoneos*]" = "iPhone Developer";
				COPY_PHASE_STRIP = NO;
				DEBUG_INFORMATION_FORMAT = "dwarf-with-dsym";
				ENABLE_NS_ASSERTIONS = NO;
				ENABLE_STRICT_OBJC_MSGSEND = YES;
				GCC_C_LANGUAGE_STANDARD = gnu99;
				GCC_NO_COMMON_BLOCKS = YES;
				GCC_WARN_64_TO_32_BIT_CONVERSION = YES;
				GCC_WARN_ABOUT_RETURN_TYPE = YES_ERROR;
				GCC_WARN_UNDECLARED_SELECTOR = YES;
				GCC_WARN_UNINITIALIZED_AUTOS = YES_AGGRESSIVE;
				GCC_WARN_UNUSED_FUNCTION = YES;
				GCC_WARN_UNUSED_VARIABLE = YES;
				IPHONEOS_DEPLOYMENT_TARGET = 9.3;
				MTL_ENABLE_DEBUG_INFO = NO;
				SDKROOT = iphoneos;
				VALIDATE_PRODUCT = YES;
			};
			name = Release;
		};
		0FB7F8401D0BCD0E009DB29B /* Debug */ = {
			isa = XCBuildConfiguration;
			buildSettings = {
				ASSETCATALOG_COMPILER_APPICON_NAME = AppIcon;
				INFOPLIST_FILE = Tut2CheckList/Info.plist;
				LD_RUNPATH_SEARCH_PATHS = "$(inherited) @executable_path/Frameworks";
				PRODUCT_BUNDLE_IDENTIFIER = com.luxu.Tut2CheckList;
				PRODUCT_NAME = "$(TARGET_NAME)";
			};
			name = Debug;
		};
		0FB7F8411D0BCD0E009DB29B /* Release */ = {
			isa = XCBuildConfiguration;
			buildSettings = {
				ASSETCATALOG_COMPILER_APPICON_NAME = AppIcon;
				INFOPLIST_FILE = Tut2CheckList/Info.plist;
				LD_RUNPATH_SEARCH_PATHS = "$(inherited) @executable_path/Frameworks";
				PRODUCT_BUNDLE_IDENTIFIER = com.luxu.Tut2CheckList;
				PRODUCT_NAME = "$(TARGET_NAME)";
			};
			name = Release;
		};
/* End XCBuildConfiguration section */

/* Begin XCConfigurationList section */
		0FB7F8281D0BCD0E009DB29B /* Build configuration list for PBXProject "Tut2CheckList" */ = {
			isa = XCConfigurationList;
			buildConfigurations = (
				0FB7F83D1D0BCD0E009DB29B /* Debug */,
				0FB7F83E1D0BCD0E009DB29B /* Release */,
			);
			defaultConfigurationIsVisible = 0;
			defaultConfigurationName = Release;
		};
		0FB7F83F1D0BCD0E009DB29B /* Build configuration list for PBXNativeTarget "Tut2CheckList" */ = {
			isa = XCConfigurationList;
			buildConfigurations = (
				0FB7F8401D0BCD0E009DB29B /* Debug */,
				0FB7F8411D0BCD0E009DB29B /* Release */,
			);
			defaultConfigurationIsVisible = 0;
			defaultConfigurationName = Release;
		};
/* End XCConfigurationList section */
	};
	rootObject = 0FB7F8251D0BCD0E009DB29B /* Project object */;
}
