// !$*UTF8*$!
{
	archiveVersion = 1;
	classes = {
	};
	objectVersion = 46;
	objects = {

/* Begin PBXBuildFile section */
		0F0C62C01CF8391500A19C7C /* Default-568h@2x.png in Resources */ = {isa = PBXBuildFile; fileRef = 0F0C62BE1CF8391500A19C7C /* Default-568h@2x.png */; };
		0F0C62C11CF8391500A19C7C /* Default@2x.png in Resources */ = {isa = PBXBuildFile; fileRef = 0F0C62BF1CF8391500A19C7C /* Default@2x.png */; };
		0FA353171CF6F9370090C22F /* AboutViewController.swift in Sources */ = {isa = PBXBuildFile; fileRef = 0FA353161CF6F9370090C22F /* AboutViewController.swift */; };
		0FB42AA61CF4474300A7125D /* AppDelegate.swift in Sources */ = {isa = PBXBuildFile; fileRef = 0FB42AA51CF4474300A7125D /* AppDelegate.swift */; };
		0FB42AA81CF4474300A7125D /* ViewController.swift in Sources */ = {isa = PBXBuildFile; fileRef = 0FB42AA71CF4474300A7125D /* ViewController.swift */; };
		0FB42AAB1CF4474300A7125D /* Main.storyboard in Resources */ = {isa = PBXBuildFile; fileRef = 0FB42AA91CF4474300A7125D /* Main.storyboard */; };
		0FB42AAD1CF4474300A7125D /* Assets.xcassets in Resources */ = {isa = PBXBuildFile; fileRef = 0FB42AAC1CF4474300A7125D /* Assets.xcassets */; };
		0FE57E721CF7FA1C001B101E /* BullsEye.html in Resources */ = {isa = PBXBuildFile; fileRef = 0FE57E711CF7FA1C001B101E /* BullsEye.html */; };
/* End PBXBuildFile section */

/* Begin PBXFileReference section */
		0F0C62BE1CF8391500A19C7C /* Default-568h@2x.png */ = {isa = PBXFileReference; lastKnownFileType = image.png; path = "Default-568h@2x.png"; sourceTree = "<group>"; };
		0F0C62BF1CF8391500A19C7C /* Default@2x.png */ = {isa = PBXFileReference; lastKnownFileType = image.png; path = "Default@2x.png"; sourceTree = "<group>"; };
		0FA353161CF6F9370090C22F /* AboutViewController.swift */ = {isa = PBXFileReference; fileEncoding = 4; lastKnownFileType = sourcecode.swift; path = AboutViewController.swift; sourceTree = "<group>"; };
		0FB42AA21CF4474300A7125D /* Tut1BullsEye.app */ = {isa = PBXFileReference; explicitFileType = wrapper.application; includeInIndex = 0; path = Tut1BullsEye.app; sourceTree = BUILT_PRODUCTS_DIR; };
		0FB42AA51CF4474300A7125D /* AppDelegate.swift */ = {isa = PBXFileReference; lastKnownFileType = sourcecode.swift; path = AppDelegate.swift; sourceTree = "<group>"; };
		0FB42AA71CF4474300A7125D /* ViewController.swift */ = {isa = PBXFileReference; lastKnownFileType = sourcecode.swift; path = ViewController.swift; sourceTree = "<group>"; };
		0FB42AAA1CF4474300A7125D /* Base */ = {isa = PBXFileReference; lastKnownFileType = file.storyboard; name = Base; path = Base.lproj/Main.storyboard; sourceTree = "<group>"; };
		0FB42AAC1CF4474300A7125D /* Assets.xcassets */ = {isa = PBXFileReference; lastKnownFileType = folder.assetcatalog; path = Assets.xcassets; sourceTree = "<group>"; };
		0FB42AB11CF4474300A7125D /* Info.plist */ = {isa = PBXFileReference; lastKnownFileType = text.plist.xml; path = Info.plist; sourceTree = "<group>"; };
		0FE57E711CF7FA1C001B101E /* BullsEye.html */ = {isa = PBXFileReference; fileEncoding = 4; lastKnownFileType = text.html; path = BullsEye.html; sourceTree = "<group>"; };
/* End PBXFileReference section */

/* Begin PBXFrameworksBuildPhase section */
		0FB42A9F1CF4474300A7125D /* Frameworks */ = {
			isa = PBXFrameworksBuildPhase;
			buildActionMask = 2147483647;
			files = (
			);
			runOnlyForDeploymentPostprocessing = 0;
		};
/* End PBXFrameworksBuildPhase section */

/* Begin PBXGroup section */
		0FB42A991CF4474300A7125D = {
			isa = PBXGroup;
			children = (
				0FB42AA41CF4474300A7125D /* Tut1BullsEye */,
				0FB42AA31CF4474300A7125D /* Products */,
			);
			sourceTree = "<group>";
		};
		0FB42AA31CF4474300A7125D /* Products */ = {
			isa = PBXGroup;
			children = (
				0FB42AA21CF4474300A7125D /* Tut1BullsEye.app */,
			);
			name = Products;
			sourceTree = "<group>";
		};
		0FB42AA41CF4474300A7125D /* Tut1BullsEye */ = {
			isa = PBXGroup;
			children = (
				0F0C62BE1CF8391500A19C7C /* Default-568h@2x.png */,
				0F0C62BF1CF8391500A19C7C /* Default@2x.png */,
				0FE57E711CF7FA1C001B101E /* BullsEye.html */,
				0FB42AA51CF4474300A7125D /* AppDelegate.swift */,
				0FB42AA71CF4474300A7125D /* ViewController.swift */,
				0FA353161CF6F9370090C22F /* AboutViewController.swift */,
				0FB42AA91CF4474300A7125D /* Main.storyboard */,
				0FB42AAC1CF4474300A7125D /* Assets.xcassets */,
				0FB42AB11CF4474300A7125D /* Info.plist */,
			);
			path = Tut1BullsEye;
			sourceTree = "<group>";
		};
/* End PBXGroup section */

/* Begin PBXNativeTarget section */
		0FB42AA11CF4474300A7125D /* Tut1BullsEye */ = {
			isa = PBXNativeTarget;
			buildConfigurationList = 0FB42AB41CF4474300A7125D /* Build configuration list for PBXNativeTarget "Tut1BullsEye" */;
			buildPhases = (
				0FB42A9E1CF4474300A7125D /* Sources */,
				0FB42A9F1CF4474300A7125D /* Frameworks */,
				0FB42AA01CF4474300A7125D /* Resources */,
			);
			buildRules = (
			);
			dependencies = (
			);
			name = Tut1BullsEye;
			productName = Tut1BullsEye;
			productReference = 0FB42AA21CF4474300A7125D /* Tut1BullsEye.app */;
			productType = "com.apple.product-type.application";
		};
/* End PBXNativeTarget section */

/* Begin PBXProject section */
		0FB42A9A1CF4474300A7125D /* Project object */ = {
			isa = PBXProject;
			attributes = {
				LastSwiftUpdateCheck = 0720;
				LastUpgradeCheck = 0720;
				ORGANIZATIONNAME = luxu;
				TargetAttributes = {
					0FB42AA11CF4474300A7125D = {
						CreatedOnToolsVersion = 7.2;
					};
				};
			};
			buildConfigurationList = 0FB42A9D1CF4474300A7125D /* Build configuration list for PBXProject "Tut1BullsEye" */;
			compatibilityVersion = "Xcode 3.2";
			developmentRegion = English;
			hasScannedForEncodings = 0;
			knownRegions = (
				en,
				Base,
			);
			mainGroup = 0FB42A991CF4474300A7125D;
			productRefGroup = 0FB42AA31CF4474300A7125D /* Products */;
			projectDirPath = "";
			projectRoot = "";
			targets = (
				0FB42AA11CF4474300A7125D /* Tut1BullsEye */,
			);
		};
/* End PBXProject section */

/* Begin PBXResourcesBuildPhase section */
		0FB42AA01CF4474300A7125D /* Resources */ = {
			isa = PBXResourcesBuildPhase;
			buildActionMask = 2147483647;
			files = (
				0FE57E721CF7FA1C001B101E /* BullsEye.html in Resources */,
				0F0C62C01CF8391500A19C7C /* Default-568h@2x.png in Resources */,
				0F0C62C11CF8391500A19C7C /* Default@2x.png in Resources */,
				0FB42AAD1CF4474300A7125D /* Assets.xcassets in Resources */,
				0FB42AAB1CF4474300A7125D /* Main.storyboard in Resources */,
			);
			runOnlyForDeploymentPostprocessing = 0;
		};
/* End PBXResourcesBuildPhase section */

/* Begin PBXSourcesBuildPhase section */
		0FB42A9E1CF4474300A7125D /* Sources */ = {
			isa = PBXSourcesBuildPhase;
			buildActionMask = 2147483647;
			files = (
				0FA353171CF6F9370090C22F /* AboutViewController.swift in Sources */,
				0FB42AA81CF4474300A7125D /* ViewController.swift in Sources */,
				0FB42AA61CF4474300A7125D /* AppDelegate.swift in Sources */,
			);
			runOnlyForDeploymentPostprocessing = 0;
		};
/* End PBXSourcesBuildPhase section */

/* Begin PBXVariantGroup section */
		0FB42AA91CF4474300A7125D /* Main.storyboard */ = {
			isa = PBXVariantGroup;
			children = (
				0FB42AAA1CF4474300A7125D /* Base */,
			);
			name = Main.storyboard;
			sourceTree = "<group>";
		};
/* End PBXVariantGroup section */

/* Begin XCBuildConfiguration section */
		0FB42AB21CF4474300A7125D /* Debug */ = {
			isa = XCBuildConfiguration;
			buildSettings = {
				ALWAYS_SEARCH_USER_PATHS = NO;
				CLANG_CXX_LANGUAGE_STANDARD = "gnu++0x";
				CLANG_CXX_LIBRARY = "libc++";
				CLANG_ENABLE_MODULES = YES;
				CLANG_ENABLE_OBJC_ARC = YES;
				CLANG_WARN_BOOL_CONVERSION = YES;
				CLANG_WARN_CONSTANT_CONVERSION = YES;
				CLANG_WARN_DIRECT_OBJC_ISA_USAGE = YES_ERROR;
				CLANG_WARN_EMPTY_BODY = YES;
				CLANG_WARN_ENUM_CONVERSION = YES;
				CLANG_WARN_INT_CONVERSION = YES;
				CLANG_WARN_OBJC_ROOT_CLASS = YES_ERROR;
				CLANG_WARN_UNREACHABLE_CODE = YES;
				CLANG_WARN__DUPLICATE_METHOD_MATCH = YES;
				"CODE_SIGN_IDENTITY[sdk=iphoneos*]" = "iPhone Developer";
				COPY_PHASE_STRIP = NO;
				DEBUG_INFORMATION_FORMAT = dwarf;
				ENABLE_STRICT_OBJC_MSGSEND = YES;
				ENABLE_TESTABILITY = YES;
				GCC_C_LANGUAGE_STANDARD = gnu99;
				GCC_DYNAMIC_NO_PIC = NO;
				GCC_NO_COMMON_BLOCKS = YES;
				GCC_OPTIMIZATION_LEVEL = 0;
				GCC_PREPROCESSOR_DEFINITIONS = (
					"DEBUG=1",
					"$(inherited)",
				);
				GCC_WARN_64_TO_32_BIT_CONVERSION = YES;
				GCC_WARN_ABOUT_RETURN_TYPE = YES_ERROR;
				GCC_WARN_UNDECLARED_SELECTOR = YES;
				GCC_WARN_UNINITIALIZED_AUTOS = YES_AGGRESSIVE;
				GCC_WARN_UNUSED_FUNCTION = YES;
				GCC_WARN_UNUSED_VARIABLE = YES;
				IPHONEOS_DEPLOYMENT_TARGET = 9.2;
				MTL_ENABLE_DEBUG_INFO = YES;
				ONLY_ACTIVE_ARCH = YES;
				SDKROOT = iphoneos;
				SWIFT_OPTIMIZATION_LEVEL = "-Onone";
				TARGETED_DEVICE_FAMILY = "1,2";
			};
			name = Debug;
		};
		0FB42AB31CF4474300A7125D /* Release */ = {
			isa = XCBuildConfiguration;
			buildSettings = {
				ALWAYS_SEARCH_USER_PATHS = NO;
				CLANG_CXX_LANGUAGE_STANDARD = "gnu++0x";
				CLANG_CXX_LIBRARY = "libc++";
				CLANG_ENABLE_MODULES = YES;
				CLANG_ENABLE_OBJC_ARC = YES;
				CLANG_WARN_BOOL_CONVERSION = YES;
				CLANG_WARN_CONSTANT_CONVERSION = YES;
				CLANG_WARN_DIRECT_OBJC_ISA_USAGE = YES_ERROR;
				CLANG_WARN_EMPTY_BODY = YES;
				CLANG_WARN_ENUM_CONVERSION = YES;
				CLANG_WARN_INT_CONVERSION = YES;
				CLANG_WARN_OBJC_ROOT_CLASS = YES_ERROR;
				CLANG_WARN_UNREACHABLE_CODE = YES;
				CLANG_WARN__DUPLICATE_METHOD_MATCH = YES;
				"CODE_SIGN_IDENTITY[sdk=iphoneos*]" = "iPhone Developer";
				COPY_PHASE_STRIP = NO;
				DEBUG_INFORMATION_FORMAT = "dwarf-with-dsym";
				ENABLE_NS_ASSERTIONS = NO;
				ENABLE_STRICT_OBJC_MSGSEND = YES;
				GCC_C_LANGUAGE_STANDARD = gnu99;
				GCC_NO_COMMON_BLOCKS = YES;
				GCC_WARN_64_TO_32_BIT_CONVERSION = YES;
				GCC_WARN_ABOUT_RETURN_TYPE = YES_ERROR;
				GCC_WARN_UNDECLARED_SELECTOR = YES;
				GCC_WARN_UNINITIALIZED_AUTOS = YES_AGGRESSIVE;
				GCC_WARN_UNUSED_FUNCTION = YES;
				GCC_WARN_UNUSED_VARIABLE = YES;
				IPHONEOS_DEPLOYMENT_TARGET = 9.2;
				MTL_ENABLE_DEBUG_INFO = NO;
				SDKROOT = iphoneos;
				TARGETED_DEVICE_FAMILY = "1,2";
				VALIDATE_PRODUCT = YES;
			};
			name = Release;
		};
		0FB42AB51CF4474300A7125D /* Debug */ = {
			isa = XCBuildConfiguration;
			buildSettings = {
				ASSETCATALOG_COMPILER_APPICON_NAME = AppIcon;
				INFOPLIST_FILE = Tut1BullsEye/Info.plist;
				LD_RUNPATH_SEARCH_PATHS = "$(inherited) @executable_path/Frameworks";
				PRODUCT_BUNDLE_IDENTIFIER = com.luxu.Tut1BullsEye;
				PRODUCT_NAME = "$(TARGET_NAME)";
			};
			name = Debug;
		};
		0FB42AB61CF4474300A7125D /* Release */ = {
			isa = XCBuildConfiguration;
			buildSettings = {
				ASSETCATALOG_COMPILER_APPICON_NAME = AppIcon;
				INFOPLIST_FILE = Tut1BullsEye/Info.plist;
				LD_RUNPATH_SEARCH_PATHS = "$(inherited) @executable_path/Frameworks";
				PRODUCT_BUNDLE_IDENTIFIER = com.luxu.Tut1BullsEye;
				PRODUCT_NAME = "$(TARGET_NAME)";
			};
			name = Release;
		};
/* End XCBuildConfiguration section */

/* Begin XCConfigurationList section */
		0FB42A9D1CF4474300A7125D /* Build configuration list for PBXProject "Tut1BullsEye" */ = {
			isa = XCConfigurationList;
			buildConfigurations = (
				0FB42AB21CF4474300A7125D /* Debug */,
				0FB42AB31CF4474300A7125D /* Release */,
			);
			defaultConfigurationIsVisible = 0;
			defaultConfigurationName = Release;
		};
		0FB42AB41CF4474300A7125D /* Build configuration list for PBXNativeTarget "Tut1BullsEye" */ = {
			isa = XCConfigurationList;
			buildConfigurations = (
				0FB42AB51CF4474300A7125D /* Debug */,
				0FB42AB61CF4474300A7125D /* Release */,
			);
			defaultConfigurationIsVisible = 0;
			defaultConfigurationName = Release;
		};
/* End XCConfigurationList section */
	};
	rootObject = 0FB42A9A1CF4474300A7125D /* Project object */;
}
